PODS:
  - hpple (0.2.0)
  - JSONKit (1.5pre)
  - Kiwi (2.2.4):
    - Kiwi/SenTestingKit
  - Kiwi/ARC (2.2.4)
  - Kiwi/NonARC (2.2.4)
  - Kiwi/SenTestingKit (2.2.4):
    - Kiwi/ARC
    - Kiwi/NonARC
  - Kiwi/XCTest (2.2.4):
    - Kiwi/ARC
    - Kiwi/NonARC
  - MBProgressHUD (0.8)

DEPENDENCIES:
  - hpple (~> 0.2.0)
  - JSONKit (~> 1.5pre)
  - Kiwi (~> 2.2.4)
  - Kiwi/XCTest
  - MBProgressHUD (~> 0.8)

SPEC CHECKSUMS:
  hpple: f4eb7c21a8db83ec264e5d614ec7509e10e5adec
  JSONKit: efef3bbd3372ff33f96b9c6f34cf4fe18e74ab69
  Kiwi: c73667f2b84cbf36f1a3830267c5a4ae8dcbd8ba
  MBProgressHUD: c356980b0cd097f19acec959b49dca5eb8ec31be

COCOAPODS: 0.33.1
